// !$*UTF8*$!
{
	archiveVersion = 1;
	classes = {
	};
	objectVersion = 46;
	objects = {

/* Begin PBXBuildFile section */
		4CD6984022CF8B0C00B49E03 /* AD.main.cpp in Sources */ = {isa = PBXBuildFile; fileRef = 4CD6983F22CF8B0B00B49E03 /* AD.main.cpp */; };
		4CD6985B22CF8B2000B49E03 /* Constants.cpp in Sources */ = {isa = PBXBuildFile; fileRef = 4CD6984122CF8B1D00B49E03 /* Constants.cpp */; };
		4CD6985C22CF8B2000B49E03 /* Boss.cpp in Sources */ = {isa = PBXBuildFile; fileRef = 4CD6984222CF8B1D00B49E03 /* Boss.cpp */; };
		4CD6985D22CF8B2000B49E03 /* AssetsLoader.cpp in Sources */ = {isa = PBXBuildFile; fileRef = 4CD6984422CF8B1D00B49E03 /* AssetsLoader.cpp */; };
		4CD6985E22CF8B2000B49E03 /* nTFontChar.cpp in Sources */ = {isa = PBXBuildFile; fileRef = 4CD6984522CF8B1D00B49E03 /* nTFontChar.cpp */; };
		4CD6985F22CF8B2000B49E03 /* IOHandler.cpp in Sources */ = {isa = PBXBuildFile; fileRef = 4CD6984622CF8B1D00B49E03 /* IOHandler.cpp */; };
		4CD6986022CF8B2000B49E03 /* Texture.cpp in Sources */ = {isa = PBXBuildFile; fileRef = 4CD6984822CF8B1D00B49E03 /* Texture.cpp */; };
		4CD6986122CF8B2000B49E03 /* CallbacksHandler.cpp in Sources */ = {isa = PBXBuildFile; fileRef = 4CD6984D22CF8B1E00B49E03 /* CallbacksHandler.cpp */; };
		4CD6986222CF8B2000B49E03 /* Language.cpp in Sources */ = {isa = PBXBuildFile; fileRef = 4CD6984E22CF8B1E00B49E03 /* Language.cpp */; };
		4CD6986322CF8B2000B49E03 /* ADCode.cpp in Sources */ = {isa = PBXBuildFile; fileRef = 4CD6984F22CF8B1E00B49E03 /* ADCode.cpp */; };
		4CD6986422CF8B2000B49E03 /* Camera.cpp in Sources */ = {isa = PBXBuildFile; fileRef = 4CD6985022CF8B1E00B49E03 /* Camera.cpp */; };
		4CD6986522CF8B2000B49E03 /* FunctionAnalyser.cpp in Sources */ = {isa = PBXBuildFile; fileRef = 4CD6985422CF8B1F00B49E03 /* FunctionAnalyser.cpp */; };
		4CD6986622CF8B2000B49E03 /* Background.cpp in Sources */ = {isa = PBXBuildFile; fileRef = 4CD6985622CF8B1F00B49E03 /* Background.cpp */; };
		4CD6986722CF8B2000B49E03 /* nTFont.cpp in Sources */ = {isa = PBXBuildFile; fileRef = 4CD6985A22CF8B1F00B49E03 /* nTFont.cpp */; };
		4CD6987022CF8B3D00B49E03 /* clip.cpp in Sources */ = {isa = PBXBuildFile; fileRef = 4CD6986D22CF8B3C00B49E03 /* clip.cpp */; };
		4CD6987422CF8CD300B49E03 /* clip_osx.mm in Sources */ = {isa = PBXBuildFile; fileRef = 4CD6987322CF8CD300B49E03 /* clip_osx.mm */; };
		4CD6987622CF8D9400B49E03 /* AppKit.framework in Frameworks */ = {isa = PBXBuildFile; fileRef = 4CD6987522CF8D9400B49E03 /* AppKit.framework */; };
		BF8BF4581EAC036800FE5800 /* GLUT.framework in Frameworks */ = {isa = PBXBuildFile; fileRef = BF8BF4571EAC036800FE5800 /* GLUT.framework */; };
		BF8BF45A1EAC036D00FE5800 /* OpenGL.framework in Frameworks */ = {isa = PBXBuildFile; fileRef = BF8BF4591EAC036D00FE5800 /* OpenGL.framework */; };
		BF8BF45C1EAC037800FE5800 /* OpenAL.framework in Frameworks */ = {isa = PBXBuildFile; fileRef = BF8BF45B1EAC037800FE5800 /* OpenAL.framework */; };
		BFE282691EAD46C400856871 /* AL.cpp in Sources */ = {isa = PBXBuildFile; fileRef = BFE2824D1EAD46C400856871 /* AL.cpp */; };
		BFE2826A1EAD46C400856871 /* Blocks.cpp in Sources */ = {isa = PBXBuildFile; fileRef = BFE2824F1EAD46C400856871 /* Blocks.cpp */; };
		BFE2826B1EAD46C400856871 /* Bullet.cpp in Sources */ = {isa = PBXBuildFile; fileRef = BFE282511EAD46C400856871 /* Bullet.cpp */; };
		BFE2826C1EAD46C400856871 /* Enemy.cpp in Sources */ = {isa = PBXBuildFile; fileRef = BFE282531EAD46C400856871 /* Enemy.cpp */; };
		BFE2826D1EAD46C400856871 /* Entity.cpp in Sources */ = {isa = PBXBuildFile; fileRef = BFE282551EAD46C400856871 /* Entity.cpp */; };
		BFE2826E1EAD46C400856871 /* GL.cpp in Sources */ = {isa = PBXBuildFile; fileRef = BFE282571EAD46C400856871 /* GL.cpp */; };
		BFE2826F1EAD46C400856871 /* Map.cpp in Sources */ = {isa = PBXBuildFile; fileRef = BFE282591EAD46C400856871 /* Map.cpp */; };
		BFE282701EAD46C400856871 /* mapEdit.cpp in Sources */ = {isa = PBXBuildFile; fileRef = BFE2825B1EAD46C400856871 /* mapEdit.cpp */; };
		BFE282711EAD46C400856871 /* Mechanics.cpp in Sources */ = {isa = PBXBuildFile; fileRef = BFE2825D1EAD46C400856871 /* Mechanics.cpp */; };
		BFE282721EAD46C400856871 /* Player.cpp in Sources */ = {isa = PBXBuildFile; fileRef = BFE2825F1EAD46C400856871 /* Player.cpp */; };
		BFE282731EAD46C400856871 /* powerUp.cpp in Sources */ = {isa = PBXBuildFile; fileRef = BFE282611EAD46C400856871 /* powerUp.cpp */; };
		BFE282741EAD46C400856871 /* Scenes.cpp in Sources */ = {isa = PBXBuildFile; fileRef = BFE282631EAD46C400856871 /* Scenes.cpp */; };
		BFE282751EAD46C400856871 /* Tutorials.cpp in Sources */ = {isa = PBXBuildFile; fileRef = BFE282651EAD46C400856871 /* Tutorials.cpp */; };
		BFE282761EAD46C400856871 /* Util.cpp in Sources */ = {isa = PBXBuildFile; fileRef = BFE282671EAD46C400856871 /* Util.cpp */; };
		BFE2828C1EAD470400856871 /* image_DXT.c in Sources */ = {isa = PBXBuildFile; fileRef = BFE282821EAD470400856871 /* image_DXT.c */; };
		BFE2828D1EAD470400856871 /* image_helper.c in Sources */ = {isa = PBXBuildFile; fileRef = BFE282841EAD470400856871 /* image_helper.c */; };
		BFE2828E1EAD470400856871 /* SOIL.c in Sources */ = {isa = PBXBuildFile; fileRef = BFE282861EAD470400856871 /* SOIL.c */; };
		BFE2828F1EAD470400856871 /* stb_image_aug.c in Sources */ = {isa = PBXBuildFile; fileRef = BFE282881EAD470400856871 /* stb_image_aug.c */; };
/* End PBXBuildFile section */

/* Begin PBXCopyFilesBuildPhase section */
		BF8BF44A1EAC032F00FE5800 /* CopyFiles */ = {
			isa = PBXCopyFilesBuildPhase;
			buildActionMask = 2147483647;
			dstPath = /usr/share/man/man1/;
			dstSubfolderSpec = 0;
			files = (
			);
			runOnlyForDeploymentPostprocessing = 1;
		};
/* End PBXCopyFilesBuildPhase section */

/* Begin PBXFileReference section */
		4CD6983F22CF8B0B00B49E03 /* AD.main.cpp */ = {isa = PBXFileReference; fileEncoding = 4; lastKnownFileType = sourcecode.cpp.cpp; path = AD.main.cpp; sourceTree = "<group>"; };
		4CD6984122CF8B1D00B49E03 /* Constants.cpp */ = {isa = PBXFileReference; fileEncoding = 4; lastKnownFileType = sourcecode.cpp.cpp; name = Constants.cpp; path = Classes/Constants.cpp; sourceTree = "<group>"; };
		4CD6984222CF8B1D00B49E03 /* Boss.cpp */ = {isa = PBXFileReference; fileEncoding = 4; lastKnownFileType = sourcecode.cpp.cpp; name = Boss.cpp; path = Classes/Boss.cpp; sourceTree = "<group>"; };
		4CD6984322CF8B1D00B49E03 /* FunctionAnalyser.hpp */ = {isa = PBXFileReference; fileEncoding = 4; lastKnownFileType = sourcecode.cpp.h; name = FunctionAnalyser.hpp; path = Classes/FunctionAnalyser.hpp; sourceTree = "<group>"; };
		4CD6984422CF8B1D00B49E03 /* AssetsLoader.cpp */ = {isa = PBXFileReference; fileEncoding = 4; lastKnownFileType = sourcecode.cpp.cpp; name = AssetsLoader.cpp; path = Classes/AssetsLoader.cpp; sourceTree = "<group>"; };
		4CD6984522CF8B1D00B49E03 /* nTFontChar.cpp */ = {isa = PBXFileReference; fileEncoding = 4; lastKnownFileType = sourcecode.cpp.cpp; name = nTFontChar.cpp; path = Classes/nTFontChar.cpp; sourceTree = "<group>"; };
		4CD6984622CF8B1D00B49E03 /* IOHandler.cpp */ = {isa = PBXFileReference; fileEncoding = 4; lastKnownFileType = sourcecode.cpp.cpp; name = IOHandler.cpp; path = Classes/IOHandler.cpp; sourceTree = "<group>"; };
		4CD6984722CF8B1D00B49E03 /* IOHandler.hpp */ = {isa = PBXFileReference; fileEncoding = 4; lastKnownFileType = sourcecode.cpp.h; name = IOHandler.hpp; path = Classes/IOHandler.hpp; sourceTree = "<group>"; };
		4CD6984822CF8B1D00B49E03 /* Texture.cpp */ = {isa = PBXFileReference; fileEncoding = 4; lastKnownFileType = sourcecode.cpp.cpp; name = Texture.cpp; path = Classes/Texture.cpp; sourceTree = "<group>"; };
		4CD6984922CF8B1E00B49E03 /* Texture.hpp */ = {isa = PBXFileReference; fileEncoding = 4; lastKnownFileType = sourcecode.cpp.h; name = Texture.hpp; path = Classes/Texture.hpp; sourceTree = "<group>"; };
		4CD6984A22CF8B1E00B49E03 /* Language.hpp */ = {isa = PBXFileReference; fileEncoding = 4; lastKnownFileType = sourcecode.cpp.h; name = Language.hpp; path = Classes/Language.hpp; sourceTree = "<group>"; };
		4CD6984B22CF8B1E00B49E03 /* Background.hpp */ = {isa = PBXFileReference; fileEncoding = 4; lastKnownFileType = sourcecode.cpp.h; name = Background.hpp; path = Classes/Background.hpp; sourceTree = "<group>"; };
		4CD6984C22CF8B1E00B49E03 /* nTFont.hpp */ = {isa = PBXFileReference; fileEncoding = 4; lastKnownFileType = sourcecode.cpp.h; name = nTFont.hpp; path = Classes/nTFont.hpp; sourceTree = "<group>"; };
		4CD6984D22CF8B1E00B49E03 /* CallbacksHandler.cpp */ = {isa = PBXFileReference; fileEncoding = 4; lastKnownFileType = sourcecode.cpp.cpp; name = CallbacksHandler.cpp; path = Classes/CallbacksHandler.cpp; sourceTree = "<group>"; };
		4CD6984E22CF8B1E00B49E03 /* Language.cpp */ = {isa = PBXFileReference; fileEncoding = 4; lastKnownFileType = sourcecode.cpp.cpp; name = Language.cpp; path = Classes/Language.cpp; sourceTree = "<group>"; };
		4CD6984F22CF8B1E00B49E03 /* ADCode.cpp */ = {isa = PBXFileReference; fileEncoding = 4; lastKnownFileType = sourcecode.cpp.cpp; name = ADCode.cpp; path = Classes/ADCode.cpp; sourceTree = "<group>"; };
		4CD6985022CF8B1E00B49E03 /* Camera.cpp */ = {isa = PBXFileReference; fileEncoding = 4; lastKnownFileType = sourcecode.cpp.cpp; name = Camera.cpp; path = Classes/Camera.cpp; sourceTree = "<group>"; };
		4CD6985122CF8B1E00B49E03 /* Camera.hpp */ = {isa = PBXFileReference; fileEncoding = 4; lastKnownFileType = sourcecode.cpp.h; name = Camera.hpp; path = Classes/Camera.hpp; sourceTree = "<group>"; };
		4CD6985222CF8B1F00B49E03 /* Constants.hpp */ = {isa = PBXFileReference; fileEncoding = 4; lastKnownFileType = sourcecode.cpp.h; name = Constants.hpp; path = Classes/Constants.hpp; sourceTree = "<group>"; };
		4CD6985322CF8B1F00B49E03 /* nTFontChar.hpp */ = {isa = PBXFileReference; fileEncoding = 4; lastKnownFileType = sourcecode.cpp.h; name = nTFontChar.hpp; path = Classes/nTFontChar.hpp; sourceTree = "<group>"; };
		4CD6985422CF8B1F00B49E03 /* FunctionAnalyser.cpp */ = {isa = PBXFileReference; fileEncoding = 4; lastKnownFileType = sourcecode.cpp.cpp; name = FunctionAnalyser.cpp; path = Classes/FunctionAnalyser.cpp; sourceTree = "<group>"; };
		4CD6985522CF8B1F00B49E03 /* AssetsLoader.hpp */ = {isa = PBXFileReference; fileEncoding = 4; lastKnownFileType = sourcecode.cpp.h; name = AssetsLoader.hpp; path = Classes/AssetsLoader.hpp; sourceTree = "<group>"; };
		4CD6985622CF8B1F00B49E03 /* Background.cpp */ = {isa = PBXFileReference; fileEncoding = 4; lastKnownFileType = sourcecode.cpp.cpp; name = Background.cpp; path = Classes/Background.cpp; sourceTree = "<group>"; };
		4CD6985722CF8B1F00B49E03 /* Boss.hpp */ = {isa = PBXFileReference; fileEncoding = 4; lastKnownFileType = sourcecode.cpp.h; name = Boss.hpp; path = Classes/Boss.hpp; sourceTree = "<group>"; };
		4CD6985822CF8B1F00B49E03 /* ADCode.hpp */ = {isa = PBXFileReference; fileEncoding = 4; lastKnownFileType = sourcecode.cpp.h; name = ADCode.hpp; path = Classes/ADCode.hpp; sourceTree = "<group>"; };
		4CD6985922CF8B1F00B49E03 /* CallbacksHandler.hpp */ = {isa = PBXFileReference; fileEncoding = 4; lastKnownFileType = sourcecode.cpp.h; name = CallbacksHandler.hpp; path = Classes/CallbacksHandler.hpp; sourceTree = "<group>"; };
		4CD6985A22CF8B1F00B49E03 /* nTFont.cpp */ = {isa = PBXFileReference; fileEncoding = 4; lastKnownFileType = sourcecode.cpp.cpp; name = nTFont.cpp; path = Classes/nTFont.cpp; sourceTree = "<group>"; };
		4CD6986C22CF8B3C00B49E03 /* clip.h */ = {isa = PBXFileReference; fileEncoding = 4; lastKnownFileType = sourcecode.c.h; name = clip.h; path = Libs/clip/clip.h; sourceTree = "<group>"; };
		4CD6986D22CF8B3C00B49E03 /* clip.cpp */ = {isa = PBXFileReference; fileEncoding = 4; lastKnownFileType = sourcecode.cpp.cpp; name = clip.cpp; path = Libs/clip/clip.cpp; sourceTree = "<group>"; };
		4CD6987222CF8CD300B49E03 /* clip_osx.h */ = {isa = PBXFileReference; fileEncoding = 4; lastKnownFileType = sourcecode.c.h; name = clip_osx.h; path = Libs/clip/clip_osx.h; sourceTree = "<group>"; };
		4CD6987322CF8CD300B49E03 /* clip_osx.mm */ = {isa = PBXFileReference; fileEncoding = 4; lastKnownFileType = sourcecode.cpp.objcpp; name = clip_osx.mm; path = Libs/clip/clip_osx.mm; sourceTree = "<group>"; };
		4CD6987522CF8D9400B49E03 /* AppKit.framework */ = {isa = PBXFileReference; lastKnownFileType = wrapper.framework; name = AppKit.framework; path = System/Library/Frameworks/AppKit.framework; sourceTree = SDKROOT; };
		BF8BF44C1EAC032F00FE5800 /* The.COM-Game */ = {isa = PBXFileReference; explicitFileType = "compiled.mach-o.executable"; includeInIndex = 0; path = "The.COM-Game"; sourceTree = BUILT_PRODUCTS_DIR; };
		BF8BF4571EAC036800FE5800 /* GLUT.framework */ = {isa = PBXFileReference; lastKnownFileType = wrapper.framework; name = GLUT.framework; path = System/Library/Frameworks/GLUT.framework; sourceTree = SDKROOT; };
		BF8BF4591EAC036D00FE5800 /* OpenGL.framework */ = {isa = PBXFileReference; lastKnownFileType = wrapper.framework; name = OpenGL.framework; path = System/Library/Frameworks/OpenGL.framework; sourceTree = SDKROOT; };
		BF8BF45B1EAC037800FE5800 /* OpenAL.framework */ = {isa = PBXFileReference; lastKnownFileType = wrapper.framework; name = OpenAL.framework; path = System/Library/Frameworks/OpenAL.framework; sourceTree = SDKROOT; };
		BF8BF45F1EAC061E00FE5800 /* importLibs.h */ = {isa = PBXFileReference; fileEncoding = 4; lastKnownFileType = sourcecode.c.h; path = importLibs.h; sourceTree = "<group>"; };
		BF8BF4791EAC098A00FE5800 /* libGLEW.2.0.0.dylib */ = {isa = PBXFileReference; lastKnownFileType = "compiled.mach-o.dylib"; name = libGLEW.2.0.0.dylib; path = ../../../../../../../../../../usr/lib/libGLEW.2.0.0.dylib; sourceTree = "<group>"; };
		BFE2824D1EAD46C400856871 /* AL.cpp */ = {isa = PBXFileReference; fileEncoding = 4; lastKnownFileType = sourcecode.cpp.cpp; name = AL.cpp; path = Classes/AL.cpp; sourceTree = "<group>"; };
		BFE2824E1EAD46C400856871 /* AL.hpp */ = {isa = PBXFileReference; fileEncoding = 4; lastKnownFileType = sourcecode.cpp.h; name = AL.hpp; path = Classes/AL.hpp; sourceTree = "<group>"; };
		BFE2824F1EAD46C400856871 /* Blocks.cpp */ = {isa = PBXFileReference; fileEncoding = 4; lastKnownFileType = sourcecode.cpp.cpp; name = Blocks.cpp; path = Classes/Blocks.cpp; sourceTree = "<group>"; };
		BFE282501EAD46C400856871 /* Blocks.hpp */ = {isa = PBXFileReference; fileEncoding = 4; lastKnownFileType = sourcecode.cpp.h; name = Blocks.hpp; path = Classes/Blocks.hpp; sourceTree = "<group>"; };
		BFE282511EAD46C400856871 /* Bullet.cpp */ = {isa = PBXFileReference; fileEncoding = 4; lastKnownFileType = sourcecode.cpp.cpp; name = Bullet.cpp; path = Classes/Bullet.cpp; sourceTree = "<group>"; };
		BFE282521EAD46C400856871 /* Bullet.hpp */ = {isa = PBXFileReference; fileEncoding = 4; lastKnownFileType = sourcecode.cpp.h; name = Bullet.hpp; path = Classes/Bullet.hpp; sourceTree = "<group>"; };
		BFE282531EAD46C400856871 /* Enemy.cpp */ = {isa = PBXFileReference; fileEncoding = 4; lastKnownFileType = sourcecode.cpp.cpp; name = Enemy.cpp; path = Classes/Enemy.cpp; sourceTree = "<group>"; };
		BFE282541EAD46C400856871 /* Enemy.hpp */ = {isa = PBXFileReference; fileEncoding = 4; lastKnownFileType = sourcecode.cpp.h; name = Enemy.hpp; path = Classes/Enemy.hpp; sourceTree = "<group>"; };
		BFE282551EAD46C400856871 /* Entity.cpp */ = {isa = PBXFileReference; fileEncoding = 4; lastKnownFileType = sourcecode.cpp.cpp; name = Entity.cpp; path = Classes/Entity.cpp; sourceTree = "<group>"; };
		BFE282561EAD46C400856871 /* Entity.hpp */ = {isa = PBXFileReference; fileEncoding = 4; lastKnownFileType = sourcecode.cpp.h; name = Entity.hpp; path = Classes/Entity.hpp; sourceTree = "<group>"; };
		BFE282571EAD46C400856871 /* GL.cpp */ = {isa = PBXFileReference; fileEncoding = 4; lastKnownFileType = sourcecode.cpp.cpp; name = GL.cpp; path = Classes/GL.cpp; sourceTree = "<group>"; };
		BFE282581EAD46C400856871 /* GL.hpp */ = {isa = PBXFileReference; fileEncoding = 4; lastKnownFileType = sourcecode.cpp.h; name = GL.hpp; path = Classes/GL.hpp; sourceTree = "<group>"; };
		BFE282591EAD46C400856871 /* Map.cpp */ = {isa = PBXFileReference; fileEncoding = 4; lastKnownFileType = sourcecode.cpp.cpp; name = Map.cpp; path = Classes/Map.cpp; sourceTree = "<group>"; };
		BFE2825A1EAD46C400856871 /* Map.hpp */ = {isa = PBXFileReference; fileEncoding = 4; lastKnownFileType = sourcecode.cpp.h; name = Map.hpp; path = Classes/Map.hpp; sourceTree = "<group>"; };
		BFE2825B1EAD46C400856871 /* mapEdit.cpp */ = {isa = PBXFileReference; fileEncoding = 4; lastKnownFileType = sourcecode.cpp.cpp; name = mapEdit.cpp; path = Classes/mapEdit.cpp; sourceTree = "<group>"; };
		BFE2825C1EAD46C400856871 /* mapEdit.hpp */ = {isa = PBXFileReference; fileEncoding = 4; lastKnownFileType = sourcecode.cpp.h; name = mapEdit.hpp; path = Classes/mapEdit.hpp; sourceTree = "<group>"; };
		BFE2825D1EAD46C400856871 /* Mechanics.cpp */ = {isa = PBXFileReference; fileEncoding = 4; lastKnownFileType = sourcecode.cpp.cpp; name = Mechanics.cpp; path = Classes/Mechanics.cpp; sourceTree = "<group>"; };
		BFE2825E1EAD46C400856871 /* Mechanics.hpp */ = {isa = PBXFileReference; fileEncoding = 4; lastKnownFileType = sourcecode.cpp.h; name = Mechanics.hpp; path = Classes/Mechanics.hpp; sourceTree = "<group>"; };
		BFE2825F1EAD46C400856871 /* Player.cpp */ = {isa = PBXFileReference; fileEncoding = 4; lastKnownFileType = sourcecode.cpp.cpp; name = Player.cpp; path = Classes/Player.cpp; sourceTree = "<group>"; };
		BFE282601EAD46C400856871 /* Player.hpp */ = {isa = PBXFileReference; fileEncoding = 4; lastKnownFileType = sourcecode.cpp.h; name = Player.hpp; path = Classes/Player.hpp; sourceTree = "<group>"; };
		BFE282611EAD46C400856871 /* powerUp.cpp */ = {isa = PBXFileReference; fileEncoding = 4; lastKnownFileType = sourcecode.cpp.cpp; name = powerUp.cpp; path = Classes/powerUp.cpp; sourceTree = "<group>"; };
		BFE282621EAD46C400856871 /* powerUp.hpp */ = {isa = PBXFileReference; fileEncoding = 4; lastKnownFileType = sourcecode.cpp.h; name = powerUp.hpp; path = Classes/powerUp.hpp; sourceTree = "<group>"; };
		BFE282631EAD46C400856871 /* Scenes.cpp */ = {isa = PBXFileReference; fileEncoding = 4; lastKnownFileType = sourcecode.cpp.cpp; name = Scenes.cpp; path = Classes/Scenes.cpp; sourceTree = "<group>"; };
		BFE282641EAD46C400856871 /* Scenes.hpp */ = {isa = PBXFileReference; fileEncoding = 4; lastKnownFileType = sourcecode.cpp.h; name = Scenes.hpp; path = Classes/Scenes.hpp; sourceTree = "<group>"; };
		BFE282651EAD46C400856871 /* Tutorials.cpp */ = {isa = PBXFileReference; fileEncoding = 4; lastKnownFileType = sourcecode.cpp.cpp; name = Tutorials.cpp; path = Classes/Tutorials.cpp; sourceTree = "<group>"; };
		BFE282661EAD46C400856871 /* Tutorials.hpp */ = {isa = PBXFileReference; fileEncoding = 4; lastKnownFileType = sourcecode.cpp.h; name = Tutorials.hpp; path = Classes/Tutorials.hpp; sourceTree = "<group>"; };
		BFE282671EAD46C400856871 /* Util.cpp */ = {isa = PBXFileReference; fileEncoding = 4; lastKnownFileType = sourcecode.cpp.cpp; name = Util.cpp; path = Classes/Util.cpp; sourceTree = "<group>"; };
		BFE282681EAD46C400856871 /* Util.hpp */ = {isa = PBXFileReference; fileEncoding = 4; lastKnownFileType = sourcecode.cpp.h; name = Util.hpp; path = Classes/Util.hpp; sourceTree = "<group>"; };
		BFE282821EAD470400856871 /* image_DXT.c */ = {isa = PBXFileReference; fileEncoding = 4; lastKnownFileType = sourcecode.c.c; name = image_DXT.c; path = Libs/soil/image_DXT.c; sourceTree = "<group>"; };
		BFE282831EAD470400856871 /* image_DXT.h */ = {isa = PBXFileReference; fileEncoding = 4; lastKnownFileType = sourcecode.c.h; name = image_DXT.h; path = Libs/soil/image_DXT.h; sourceTree = "<group>"; };
		BFE282841EAD470400856871 /* image_helper.c */ = {isa = PBXFileReference; fileEncoding = 4; lastKnownFileType = sourcecode.c.c; name = image_helper.c; path = Libs/soil/image_helper.c; sourceTree = "<group>"; };
		BFE282851EAD470400856871 /* image_helper.h */ = {isa = PBXFileReference; fileEncoding = 4; lastKnownFileType = sourcecode.c.h; name = image_helper.h; path = Libs/soil/image_helper.h; sourceTree = "<group>"; };
		BFE282861EAD470400856871 /* SOIL.c */ = {isa = PBXFileReference; fileEncoding = 4; lastKnownFileType = sourcecode.c.c; name = SOIL.c; path = Libs/soil/SOIL.c; sourceTree = "<group>"; };
		BFE282871EAD470400856871 /* SOIL.h */ = {isa = PBXFileReference; fileEncoding = 4; lastKnownFileType = sourcecode.c.h; name = SOIL.h; path = Libs/soil/SOIL.h; sourceTree = "<group>"; };
		BFE282881EAD470400856871 /* stb_image_aug.c */ = {isa = PBXFileReference; fileEncoding = 4; lastKnownFileType = sourcecode.c.c; name = stb_image_aug.c; path = Libs/soil/stb_image_aug.c; sourceTree = "<group>"; };
		BFE282891EAD470400856871 /* stb_image_aug.h */ = {isa = PBXFileReference; fileEncoding = 4; lastKnownFileType = sourcecode.c.h; name = stb_image_aug.h; path = Libs/soil/stb_image_aug.h; sourceTree = "<group>"; };
		BFE2828A1EAD470400856871 /* stbi_DDS_aug_c.h */ = {isa = PBXFileReference; fileEncoding = 4; lastKnownFileType = sourcecode.c.h; name = stbi_DDS_aug_c.h; path = Libs/soil/stbi_DDS_aug_c.h; sourceTree = "<group>"; };
		BFE2828B1EAD470400856871 /* stbi_DDS_aug.h */ = {isa = PBXFileReference; fileEncoding = 4; lastKnownFileType = sourcecode.c.h; name = stbi_DDS_aug.h; path = Libs/soil/stbi_DDS_aug.h; sourceTree = "<group>"; };
/* End PBXFileReference section */

/* Begin PBXFrameworksBuildPhase section */
		BF8BF4491EAC032F00FE5800 /* Frameworks */ = {
			isa = PBXFrameworksBuildPhase;
			buildActionMask = 2147483647;
			files = (
				4CD6987622CF8D9400B49E03 /* AppKit.framework in Frameworks */,
				BF8BF45C1EAC037800FE5800 /* OpenAL.framework in Frameworks */,
				BF8BF45A1EAC036D00FE5800 /* OpenGL.framework in Frameworks */,
				BF8BF4581EAC036800FE5800 /* GLUT.framework in Frameworks */,
			);
			runOnlyForDeploymentPostprocessing = 0;
		};
/* End PBXFrameworksBuildPhase section */

/* Begin PBXGroup section */
		BF8BF4431EAC032F00FE5800 = {
			isa = PBXGroup;
			children = (
				4CD6987222CF8CD300B49E03 /* clip_osx.h */,
				4CD6987322CF8CD300B49E03 /* clip_osx.mm */,
				4CD6986D22CF8B3C00B49E03 /* clip.cpp */,
				4CD6986C22CF8B3C00B49E03 /* clip.h */,
				4CD6984F22CF8B1E00B49E03 /* ADCode.cpp */,
				4CD6985822CF8B1F00B49E03 /* ADCode.hpp */,
				4CD6984422CF8B1D00B49E03 /* AssetsLoader.cpp */,
				4CD6985522CF8B1F00B49E03 /* AssetsLoader.hpp */,
				4CD6985622CF8B1F00B49E03 /* Background.cpp */,
				4CD6984B22CF8B1E00B49E03 /* Background.hpp */,
				4CD6984222CF8B1D00B49E03 /* Boss.cpp */,
				4CD6985722CF8B1F00B49E03 /* Boss.hpp */,
				4CD6984D22CF8B1E00B49E03 /* CallbacksHandler.cpp */,
				4CD6985922CF8B1F00B49E03 /* CallbacksHandler.hpp */,
				4CD6985022CF8B1E00B49E03 /* Camera.cpp */,
				4CD6985122CF8B1E00B49E03 /* Camera.hpp */,
				4CD6984122CF8B1D00B49E03 /* Constants.cpp */,
				4CD6985222CF8B1F00B49E03 /* Constants.hpp */,
				4CD6985422CF8B1F00B49E03 /* FunctionAnalyser.cpp */,
				4CD6984322CF8B1D00B49E03 /* FunctionAnalyser.hpp */,
				4CD6984622CF8B1D00B49E03 /* IOHandler.cpp */,
				4CD6984722CF8B1D00B49E03 /* IOHandler.hpp */,
				4CD6984E22CF8B1E00B49E03 /* Language.cpp */,
				4CD6984A22CF8B1E00B49E03 /* Language.hpp */,
				4CD6985A22CF8B1F00B49E03 /* nTFont.cpp */,
				4CD6984C22CF8B1E00B49E03 /* nTFont.hpp */,
				4CD6984522CF8B1D00B49E03 /* nTFontChar.cpp */,
				4CD6985322CF8B1F00B49E03 /* nTFontChar.hpp */,
				4CD6984822CF8B1D00B49E03 /* Texture.cpp */,
				4CD6984922CF8B1E00B49E03 /* Texture.hpp */,
				4CD6983F22CF8B0B00B49E03 /* AD.main.cpp */,
				BFE282821EAD470400856871 /* image_DXT.c */,
				BFE282831EAD470400856871 /* image_DXT.h */,
				BFE282841EAD470400856871 /* image_helper.c */,
				BFE282851EAD470400856871 /* image_helper.h */,
				BFE282861EAD470400856871 /* SOIL.c */,
				BFE282871EAD470400856871 /* SOIL.h */,
				BFE282881EAD470400856871 /* stb_image_aug.c */,
				BFE282891EAD470400856871 /* stb_image_aug.h */,
				BFE2828A1EAD470400856871 /* stbi_DDS_aug_c.h */,
				BFE2828B1EAD470400856871 /* stbi_DDS_aug.h */,
				BFE2824D1EAD46C400856871 /* AL.cpp */,
				BFE2824E1EAD46C400856871 /* AL.hpp */,
				BFE2824F1EAD46C400856871 /* Blocks.cpp */,
				BFE282501EAD46C400856871 /* Blocks.hpp */,
				BFE282511EAD46C400856871 /* Bullet.cpp */,
				BFE282521EAD46C400856871 /* Bullet.hpp */,
				BFE282531EAD46C400856871 /* Enemy.cpp */,
				BFE282541EAD46C400856871 /* Enemy.hpp */,
				BFE282551EAD46C400856871 /* Entity.cpp */,
				BFE282561EAD46C400856871 /* Entity.hpp */,
				BFE282571EAD46C400856871 /* GL.cpp */,
				BFE282581EAD46C400856871 /* GL.hpp */,
				BFE282591EAD46C400856871 /* Map.cpp */,
				BFE2825A1EAD46C400856871 /* Map.hpp */,
				BFE2825B1EAD46C400856871 /* mapEdit.cpp */,
				BFE2825C1EAD46C400856871 /* mapEdit.hpp */,
				BFE2825D1EAD46C400856871 /* Mechanics.cpp */,
				BFE2825E1EAD46C400856871 /* Mechanics.hpp */,
				BFE2825F1EAD46C400856871 /* Player.cpp */,
				BFE282601EAD46C400856871 /* Player.hpp */,
				BFE282611EAD46C400856871 /* powerUp.cpp */,
				BFE282621EAD46C400856871 /* powerUp.hpp */,
				BFE282631EAD46C400856871 /* Scenes.cpp */,
				BFE282641EAD46C400856871 /* Scenes.hpp */,
				BFE282651EAD46C400856871 /* Tutorials.cpp */,
				BFE282661EAD46C400856871 /* Tutorials.hpp */,
				BFE282671EAD46C400856871 /* Util.cpp */,
				BFE282681EAD46C400856871 /* Util.hpp */,
				BF8BF45F1EAC061E00FE5800 /* importLibs.h */,
				BF8BF44D1EAC032F00FE5800 /* Products */,
				BF8BF4561EAC036800FE5800 /* Frameworks */,
			);
			sourceTree = "<group>";
		};
		BF8BF44D1EAC032F00FE5800 /* Products */ = {
			isa = PBXGroup;
			children = (
				BF8BF44C1EAC032F00FE5800 /* The.COM-Game */,
			);
			name = Products;
			sourceTree = "<group>";
		};
		BF8BF4561EAC036800FE5800 /* Frameworks */ = {
			isa = PBXGroup;
			children = (
				4CD6987522CF8D9400B49E03 /* AppKit.framework */,
				BF8BF4791EAC098A00FE5800 /* libGLEW.2.0.0.dylib */,
				BF8BF45B1EAC037800FE5800 /* OpenAL.framework */,
				BF8BF4591EAC036D00FE5800 /* OpenGL.framework */,
				BF8BF4571EAC036800FE5800 /* GLUT.framework */,
			);
			name = Frameworks;
			sourceTree = "<group>";
		};
/* End PBXGroup section */

/* Begin PBXNativeTarget section */
		BF8BF44B1EAC032F00FE5800 /* The.COM-Game */ = {
			isa = PBXNativeTarget;
			buildConfigurationList = BF8BF4531EAC032F00FE5800 /* Build configuration list for PBXNativeTarget "The.COM-Game" */;
			buildPhases = (
				BF8BF4481EAC032F00FE5800 /* Sources */,
				BF8BF4491EAC032F00FE5800 /* Frameworks */,
				BF8BF44A1EAC032F00FE5800 /* CopyFiles */,
			);
			buildRules = (
			);
			dependencies = (
			);
			name = "The.COM-Game";
			productName = "The.COM-Game";
			productReference = BF8BF44C1EAC032F00FE5800 /* The.COM-Game */;
			productType = "com.apple.product-type.tool";
		};
/* End PBXNativeTarget section */

/* Begin PBXProject section */
		BF8BF4441EAC032F00FE5800 /* Project object */ = {
			isa = PBXProject;
			attributes = {
				LastUpgradeCheck = 0830;
				ORGANIZATIONNAME = nanoTechCorp;
				TargetAttributes = {
					BF8BF44B1EAC032F00FE5800 = {
						CreatedOnToolsVersion = 8.3.2;
						ProvisioningStyle = Automatic;
					};
				};
			};
			buildConfigurationList = BF8BF4471EAC032F00FE5800 /* Build configuration list for PBXProject "Adventure-Discrete" */;
			compatibilityVersion = "Xcode 3.2";
			developmentRegion = English;
			hasScannedForEncodings = 0;
			knownRegions = (
				English,
				en,
			);
			mainGroup = BF8BF4431EAC032F00FE5800;
			productRefGroup = BF8BF44D1EAC032F00FE5800 /* Products */;
			projectDirPath = "";
			projectRoot = "";
			targets = (
				BF8BF44B1EAC032F00FE5800 /* The.COM-Game */,
			);
		};
/* End PBXProject section */

/* Begin PBXSourcesBuildPhase section */
		BF8BF4481EAC032F00FE5800 /* Sources */ = {
			isa = PBXSourcesBuildPhase;
			buildActionMask = 2147483647;
			files = (
				BFE282741EAD46C400856871 /* Scenes.cpp in Sources */,
				BFE282701EAD46C400856871 /* mapEdit.cpp in Sources */,
				4CD6986522CF8B2000B49E03 /* FunctionAnalyser.cpp in Sources */,
				BFE2828C1EAD470400856871 /* image_DXT.c in Sources */,
				4CD6987022CF8B3D00B49E03 /* clip.cpp in Sources */,
				BFE2828F1EAD470400856871 /* stb_image_aug.c in Sources */,
				4CD6987422CF8CD300B49E03 /* clip_osx.mm in Sources */,
				BFE282691EAD46C400856871 /* AL.cpp in Sources */,
				BFE282731EAD46C400856871 /* powerUp.cpp in Sources */,
				4CD6985C22CF8B2000B49E03 /* Boss.cpp in Sources */,
				BFE2826C1EAD46C400856871 /* Enemy.cpp in Sources */,
				4CD6985B22CF8B2000B49E03 /* Constants.cpp in Sources */,
				4CD6986122CF8B2000B49E03 /* CallbacksHandler.cpp in Sources */,
				4CD6986222CF8B2000B49E03 /* Language.cpp in Sources */,
				BFE2826A1EAD46C400856871 /* Blocks.cpp in Sources */,
				BFE282751EAD46C400856871 /* Tutorials.cpp in Sources */,
				4CD6986422CF8B2000B49E03 /* Camera.cpp in Sources */,
				BFE2828E1EAD470400856871 /* SOIL.c in Sources */,
				4CD6985F22CF8B2000B49E03 /* IOHandler.cpp in Sources */,
				4CD6986622CF8B2000B49E03 /* Background.cpp in Sources */,
				BFE282721EAD46C400856871 /* Player.cpp in Sources */,
				BFE282761EAD46C400856871 /* Util.cpp in Sources */,
				4CD6986722CF8B2000B49E03 /* nTFont.cpp in Sources */,
				4CD6986022CF8B2000B49E03 /* Texture.cpp in Sources */,
				BFE2826E1EAD46C400856871 /* GL.cpp in Sources */,
				4CD6986322CF8B2000B49E03 /* ADCode.cpp in Sources */,
				4CD6985D22CF8B2000B49E03 /* AssetsLoader.cpp in Sources */,
				BFE2826D1EAD46C400856871 /* Entity.cpp in Sources */,
				BFE2826F1EAD46C400856871 /* Map.cpp in Sources */,
				BFE2828D1EAD470400856871 /* image_helper.c in Sources */,
				BFE2826B1EAD46C400856871 /* Bullet.cpp in Sources */,
				4CD6985E22CF8B2000B49E03 /* nTFontChar.cpp in Sources */,
				4CD6984022CF8B0C00B49E03 /* AD.main.cpp in Sources */,
				BFE282711EAD46C400856871 /* Mechanics.cpp in Sources */,
			);
			runOnlyForDeploymentPostprocessing = 0;
		};
/* End PBXSourcesBuildPhase section */

/* Begin XCBuildConfiguration section */
		BF8BF4511EAC032F00FE5800 /* Debug */ = {
			isa = XCBuildConfiguration;
			buildSettings = {
				ALWAYS_SEARCH_USER_PATHS = NO;
				CLANG_ANALYZER_NONNULL = YES;
				CLANG_ANALYZER_NUMBER_OBJECT_CONVERSION = YES_AGGRESSIVE;
				CLANG_CXX_LANGUAGE_STANDARD = "gnu++0x";
				CLANG_CXX_LIBRARY = "libc++";
				CLANG_ENABLE_MODULES = YES;
				CLANG_ENABLE_OBJC_ARC = YES;
				CLANG_WARN_BOOL_CONVERSION = YES;
				CLANG_WARN_CONSTANT_CONVERSION = YES;
				CLANG_WARN_DIRECT_OBJC_ISA_USAGE = YES_ERROR;
				CLANG_WARN_DOCUMENTATION_COMMENTS = YES;
				CLANG_WARN_EMPTY_BODY = YES;
				CLANG_WARN_ENUM_CONVERSION = YES;
				CLANG_WARN_INFINITE_RECURSION = YES;
				CLANG_WARN_INT_CONVERSION = YES;
				CLANG_WARN_OBJC_ROOT_CLASS = YES_ERROR;
				CLANG_WARN_SUSPICIOUS_MOVE = YES;
				CLANG_WARN_UNREACHABLE_CODE = YES;
				CLANG_WARN__DUPLICATE_METHOD_MATCH = YES;
				CODE_SIGN_IDENTITY = "-";
				COPY_PHASE_STRIP = NO;
				DEBUG_INFORMATION_FORMAT = dwarf;
				ENABLE_STRICT_OBJC_MSGSEND = YES;
				ENABLE_TESTABILITY = YES;
				GCC_C_LANGUAGE_STANDARD = gnu99;
				GCC_DYNAMIC_NO_PIC = NO;
				GCC_NO_COMMON_BLOCKS = YES;
				GCC_OPTIMIZATION_LEVEL = 0;
				GCC_PREPROCESSOR_DEFINITIONS = (
					"DEBUG=1",
					"$(inherited)",
				);
				GCC_WARN_64_TO_32_BIT_CONVERSION = YES;
				GCC_WARN_ABOUT_RETURN_TYPE = YES_ERROR;
				GCC_WARN_UNDECLARED_SELECTOR = YES;
				GCC_WARN_UNINITIALIZED_AUTOS = YES_AGGRESSIVE;
				GCC_WARN_UNUSED_FUNCTION = YES;
				GCC_WARN_UNUSED_VARIABLE = YES;
				MACOSX_DEPLOYMENT_TARGET = 10.12;
				MTL_ENABLE_DEBUG_INFO = YES;
				ONLY_ACTIVE_ARCH = YES;
				SDKROOT = macosx;
			};
			name = Debug;
		};
		BF8BF4521EAC032F00FE5800 /* Release */ = {
			isa = XCBuildConfiguration;
			buildSettings = {
				ALWAYS_SEARCH_USER_PATHS = NO;
				CLANG_ANALYZER_NONNULL = YES;
				CLANG_ANALYZER_NUMBER_OBJECT_CONVERSION = YES_AGGRESSIVE;
				CLANG_CXX_LANGUAGE_STANDARD = "gnu++0x";
				CLANG_CXX_LIBRARY = "libc++";
				CLANG_ENABLE_MODULES = YES;
				CLANG_ENABLE_OBJC_ARC = YES;
				CLANG_WARN_BOOL_CONVERSION = YES;
				CLANG_WARN_CONSTANT_CONVERSION = YES;
				CLANG_WARN_DIRECT_OBJC_ISA_USAGE = YES_ERROR;
				CLANG_WARN_DOCUMENTATION_COMMENTS = YES;
				CLANG_WARN_EMPTY_BODY = YES;
				CLANG_WARN_ENUM_CONVERSION = YES;
				CLANG_WARN_INFINITE_RECURSION = YES;
				CLANG_WARN_INT_CONVERSION = YES;
				CLANG_WARN_OBJC_ROOT_CLASS = YES_ERROR;
				CLANG_WARN_SUSPICIOUS_MOVE = YES;
				CLANG_WARN_UNREACHABLE_CODE = YES;
				CLANG_WARN__DUPLICATE_METHOD_MATCH = YES;
				CODE_SIGN_IDENTITY = "-";
				COPY_PHASE_STRIP = NO;
				DEBUG_INFORMATION_FORMAT = "dwarf-with-dsym";
				ENABLE_NS_ASSERTIONS = NO;
				ENABLE_STRICT_OBJC_MSGSEND = YES;
				GCC_C_LANGUAGE_STANDARD = gnu99;
				GCC_NO_COMMON_BLOCKS = YES;
				GCC_WARN_64_TO_32_BIT_CONVERSION = YES;
				GCC_WARN_ABOUT_RETURN_TYPE = YES_ERROR;
				GCC_WARN_UNDECLARED_SELECTOR = YES;
				GCC_WARN_UNINITIALIZED_AUTOS = YES_AGGRESSIVE;
				GCC_WARN_UNUSED_FUNCTION = YES;
				GCC_WARN_UNUSED_VARIABLE = YES;
				MACOSX_DEPLOYMENT_TARGET = 10.12;
				MTL_ENABLE_DEBUG_INFO = NO;
				SDKROOT = macosx;
			};
			name = Release;
		};
		BF8BF4541EAC032F00FE5800 /* Debug */ = {
			isa = XCBuildConfiguration;
			buildSettings = {
				CONFIGURATION_BUILD_DIR = ..;
				GCC_PREPROCESSOR_DEFINITIONS = "";
				HEADER_SEARCH_PATHS = (
					/usr/local/include,
					/usr/include,
				);
				LIBRARY_SEARCH_PATHS = (
					/usr/local/lib,
					/usr/lib,
				);
				OTHER_CFLAGS = "";
				PRODUCT_NAME = "$(TARGET_NAME)";
				WARNING_CFLAGS = "";
			};
			name = Debug;
		};
		BF8BF4551EAC032F00FE5800 /* Release */ = {
			isa = XCBuildConfiguration;
			buildSettings = {
				CONFIGURATION_BUILD_DIR = ..;
				"GCC_PREPROCESSOR_DEFINITIONS[arch=*]" = "";
				HEADER_SEARCH_PATHS = (
					/usr/local/include,
					/usr/include,
				);
				LIBRARY_SEARCH_PATHS = (
					/usr/local/lib,
					/usr/lib,
				);
				OTHER_CFLAGS = "";
				PRODUCT_NAME = "$(TARGET_NAME)";
				WARNING_CFLAGS = "";
			};
			name = Release;
		};
/* End XCBuildConfiguration section */

/* Begin XCConfigurationList section */
		BF8BF4471EAC032F00FE5800 /* Build configuration list for PBXProject "Adventure-Discrete" */ = {
			isa = XCConfigurationList;
			buildConfigurations = (
				BF8BF4511EAC032F00FE5800 /* Debug */,
				BF8BF4521EAC032F00FE5800 /* Release */,
			);
			defaultConfigurationIsVisible = 0;
			defaultConfigurationName = Release;
		};
		BF8BF4531EAC032F00FE5800 /* Build configuration list for PBXNativeTarget "The.COM-Game" */ = {
			isa = XCConfigurationList;
			buildConfigurations = (
				BF8BF4541EAC032F00FE5800 /* Debug */,
				BF8BF4551EAC032F00FE5800 /* Release */,
			);
			defaultConfigurationIsVisible = 0;
			defaultConfigurationName = Release;
		};
/* End XCConfigurationList section */
	};
	rootObject = BF8BF4441EAC032F00FE5800 /* Project object */;
}
